
Microsoft Visual Studio Solution File, Format Version 11.00
# Visual Studio 2010
Project("{FAE04EC0-301F-11D3-BF4B-00C04F79EFBC}") = "RoadArchitect", "RoadArchitect.csproj", "{4112fead-6857-9bfb-94ff-5b6b22420459}"
EndProject
Project("{FAE04EC0-301F-11D3-BF4B-00C04F79EFBC}") = "Assembly-CSharp", "Assembly-CSharp.csproj", "{ff4f1178-6ee8-70b0-5438-628324146b26}"
EndProject
Global
	GlobalSection(SolutionConfigurationPlatforms) = preSolution
		Debug|Any CPU = Debug|Any CPU
	EndGlobalSection
	GlobalSection(ProjectConfigurationPlatforms) = postSolution
		{4112fead-6857-9bfb-94ff-5b6b22420459}.Debug|Any CPU.ActiveCfg = Debug|Any CPU
		{4112fead-6857-9bfb-94ff-5b6b22420459}.Debug|Any CPU.Build.0 = Debug|Any CPU
		{ff4f1178-6ee8-70b0-5438-628324146b26}.Debug|Any CPU.ActiveCfg = Debug|Any CPU
		{ff4f1178-6ee8-70b0-5438-628324146b26}.Debug|Any CPU.Build.0 = Debug|Any CPU
	EndGlobalSection
	GlobalSection(SolutionProperties) = preSolution
		HideSolutionNode = FALSE
	EndGlobalSection
EndGlobal
